
Microsoft Visual Studio Solution File, Format Version 12.00
# Visual Studio Version 16
VisualStudioVersion = 16.0.31702.278
MinimumVisualStudioVersion = 10.0.40219.1
Project("{FAE04EC0-301F-11D3-BF4B-00C04F79EFBC}") = "Sky-jump", "Sky-jump\Sky-jump.csproj", "{E7B79A3A-97DE-45A1-9E47-DCBCC8D22647}"
EndProject
Global
	GlobalSection(SolutionConfigurationPlatforms) = preSolution
		Debug|Any CPU = Debug|Any CPU
		Release|Any CPU = Release|Any CPU
	EndGlobalSection
	GlobalSection(ProjectConfigurationPlatforms) = postSolution
		{E7B79A3A-97DE-45A1-9E47-DCBCC8D22647}.Debug|Any CPU.ActiveCfg = Debug|Any CPU
		{E7B79A3A-97DE-45A1-9E47-DCBCC8D22647}.Debug|Any CPU.Build.0 = Debug|Any CPU
		{E7B79A3A-97DE-45A1-9E47-DCBCC8D22647}.Release|Any CPU.ActiveCfg = Release|Any CPU
		{E7B79A3A-97DE-45A1-9E47-DCBCC8D22647}.Release|Any CPU.Build.0 = Release|Any CPU
	EndGlobalSection
	GlobalSection(SolutionProperties) = preSolution
		HideSolutionNode = FALSE
	EndGlobalSection
	GlobalSection(ExtensibilityGlobals) = postSolution
		SolutionGuid = {FB229F84-A7FA-45E9-8724-A975574B29CE}
	EndGlobalSection
EndGlobal
